
Microsoft Visual Studio Solution File, Format Version 12.00
Project("{FAE04EC0-301F-11D3-BF4B-00C04F79EFBC}") = "Lunitium.DependencyInjection", "Lunitium.DependencyInjection\Lunitium.DependencyInjection.csproj", "{6658E600-7007-4260-85F2-1F8AB4C1660E}"
EndProject
Project("{FAE04EC0-301F-11D3-BF4B-00C04F79EFBC}") = "Lunitium.DependencyInjection.Test", "Lunitium.DependencyInjection.Test\Lunitium.DependencyInjection.Test.csproj", "{F6B8992B-916B-4BF9-8A97-A0E32ECCC43E}"
EndProject
Project("{2150E333-8FDC-42A3-9474-1A3956D46DE8}") = "Examples", "Examples", "{9123DB71-7805-4859-92DF-5EBFDEC514D6}"
EndProject
Project("{FAE04EC0-301F-11D3-BF4B-00C04F79EFBC}") = "DependencyInjectionExample", "Examples\DependencyInjectionExample\DependencyInjectionExample.csproj", "{BBA2E700-E3A3-4085-9205-3B017F652EA6}"
EndProject
Project("{2150E333-8FDC-42A3-9474-1A3956D46DE8}") = "Pipes", "Pipes", "{4118E884-29C9-4C5F-B384-817537274F51}"
	ProjectSection(SolutionItems) = preProject
		.github\workflows\build.yml = .github\workflows\build.yml
		.github\workflows\publish.yml = .github\workflows\publish.yml
	EndProjectSection
EndProject
Project("{FAE04EC0-301F-11D3-BF4B-00C04F79EFBC}") = "Lunitium.Mapper", "Lunitium.Mapper\Lunitium.Mapper.csproj", "{EEB53198-B473-4D03-89DC-0C26D2AEEB2B}"
EndProject
Project("{FAE04EC0-301F-11D3-BF4B-00C04F79EFBC}") = "Lunitium.Mapper.Test", "Lunitium.Mapper.Test\Lunitium.Mapper.Test.csproj", "{574FBF08-815F-40F2-857B-4662DEBA0EC2}"
EndProject
Project("{FAE04EC0-301F-11D3-BF4B-00C04F79EFBC}") = "Lunitium.DependencyInjection.Generator", "Lunitium.DependencyInjection.Generator\Lunitium.DependencyInjection.Generator.csproj", "{E2F49B4C-CB24-4263-8909-C1115F19589A}"
EndProject
Global
	GlobalSection(SolutionConfigurationPlatforms) = preSolution
		Debug|Any CPU = Debug|Any CPU
		Release|Any CPU = Release|Any CPU
	EndGlobalSection
	GlobalSection(ProjectConfigurationPlatforms) = postSolution
		{6658E600-7007-4260-85F2-1F8AB4C1660E}.Debug|Any CPU.ActiveCfg = Debug|Any CPU
		{6658E600-7007-4260-85F2-1F8AB4C1660E}.Debug|Any CPU.Build.0 = Debug|Any CPU
		{6658E600-7007-4260-85F2-1F8AB4C1660E}.Release|Any CPU.ActiveCfg = Release|Any CPU
		{6658E600-7007-4260-85F2-1F8AB4C1660E}.Release|Any CPU.Build.0 = Release|Any CPU
		{F6B8992B-916B-4BF9-8A97-A0E32ECCC43E}.Debug|Any CPU.ActiveCfg = Debug|Any CPU
		{F6B8992B-916B-4BF9-8A97-A0E32ECCC43E}.Debug|Any CPU.Build.0 = Debug|Any CPU
		{F6B8992B-916B-4BF9-8A97-A0E32ECCC43E}.Release|Any CPU.ActiveCfg = Release|Any CPU
		{F6B8992B-916B-4BF9-8A97-A0E32ECCC43E}.Release|Any CPU.Build.0 = Release|Any CPU
		{BBA2E700-E3A3-4085-9205-3B017F652EA6}.Debug|Any CPU.ActiveCfg = Debug|Any CPU
		{BBA2E700-E3A3-4085-9205-3B017F652EA6}.Debug|Any CPU.Build.0 = Debug|Any CPU
		{BBA2E700-E3A3-4085-9205-3B017F652EA6}.Release|Any CPU.ActiveCfg = Release|Any CPU
		{BBA2E700-E3A3-4085-9205-3B017F652EA6}.Release|Any CPU.Build.0 = Release|Any CPU
		{EEB53198-B473-4D03-89DC-0C26D2AEEB2B}.Debug|Any CPU.ActiveCfg = Debug|Any CPU
		{EEB53198-B473-4D03-89DC-0C26D2AEEB2B}.Debug|Any CPU.Build.0 = Debug|Any CPU
		{EEB53198-B473-4D03-89DC-0C26D2AEEB2B}.Release|Any CPU.ActiveCfg = Release|Any CPU
		{EEB53198-B473-4D03-89DC-0C26D2AEEB2B}.Release|Any CPU.Build.0 = Release|Any CPU
		{574FBF08-815F-40F2-857B-4662DEBA0EC2}.Debug|Any CPU.ActiveCfg = Debug|Any CPU
		{574FBF08-815F-40F2-857B-4662DEBA0EC2}.Debug|Any CPU.Build.0 = Debug|Any CPU
		{574FBF08-815F-40F2-857B-4662DEBA0EC2}.Release|Any CPU.ActiveCfg = Release|Any CPU
		{574FBF08-815F-40F2-857B-4662DEBA0EC2}.Release|Any CPU.Build.0 = Release|Any CPU
		{E2F49B4C-CB24-4263-8909-C1115F19589A}.Debug|Any CPU.ActiveCfg = Debug|Any CPU
		{E2F49B4C-CB24-4263-8909-C1115F19589A}.Debug|Any CPU.Build.0 = Debug|Any CPU
		{E2F49B4C-CB24-4263-8909-C1115F19589A}.Release|Any CPU.ActiveCfg = Release|Any CPU
		{E2F49B4C-CB24-4263-8909-C1115F19589A}.Release|Any CPU.Build.0 = Release|Any CPU
	EndGlobalSection
	GlobalSection(NestedProjects) = preSolution
		{BBA2E700-E3A3-4085-9205-3B017F652EA6} = {9123DB71-7805-4859-92DF-5EBFDEC514D6}
	EndGlobalSection
EndGlobal
